
Microsoft Visual Studio Solution File, Format Version 12.00
# Visual Studio Version 16
VisualStudioVersion = 16.0.30413.136
MinimumVisualStudioVersion = 10.0.40219.1
Project("{FAE04EC0-301F-11D3-BF4B-00C04F79EFBC}") = "ShopCet47.Web", "ShopCet47.Web\ShopCet47.Web.csproj", "{A10B36E4-4E3A-467D-A91A-3022EA5BF9E6}"
EndProject
Project("{FAE04EC0-301F-11D3-BF4B-00C04F79EFBC}") = "ShopCet47.Common", "ShopCet47.Common\ShopCet47.Common.csproj", "{A4807BF5-C6AD-472F-901E-797574673F7C}"
EndProject
Global
	GlobalSection(SolutionConfigurationPlatforms) = preSolution
		Debug|Any CPU = Debug|Any CPU
		Release|Any CPU = Release|Any CPU
	EndGlobalSection
	GlobalSection(ProjectConfigurationPlatforms) = postSolution
		{A10B36E4-4E3A-467D-A91A-3022EA5BF9E6}.Debug|Any CPU.ActiveCfg = Debug|Any CPU
		{A10B36E4-4E3A-467D-A91A-3022EA5BF9E6}.Debug|Any CPU.Build.0 = Debug|Any CPU
		{A10B36E4-4E3A-467D-A91A-3022EA5BF9E6}.Release|Any CPU.ActiveCfg = Release|Any CPU
		{A10B36E4-4E3A-467D-A91A-3022EA5BF9E6}.Release|Any CPU.Build.0 = Release|Any CPU
		{A4807BF5-C6AD-472F-901E-797574673F7C}.Debug|Any CPU.ActiveCfg = Debug|Any CPU
		{A4807BF5-C6AD-472F-901E-797574673F7C}.Debug|Any CPU.Build.0 = Debug|Any CPU
		{A4807BF5-C6AD-472F-901E-797574673F7C}.Release|Any CPU.ActiveCfg = Release|Any CPU
		{A4807BF5-C6AD-472F-901E-797574673F7C}.Release|Any CPU.Build.0 = Release|Any CPU
	EndGlobalSection
	GlobalSection(SolutionProperties) = preSolution
		HideSolutionNode = FALSE
	EndGlobalSection
	GlobalSection(ExtensibilityGlobals) = postSolution
		SolutionGuid = {D49F8F7A-8146-4F28-9595-FD969D29F6E3}
	EndGlobalSection
EndGlobal
